
Microsoft Visual Studio Solution File, Format Version 12.00
# Visual Studio 2013
VisualStudioVersion = 12.0.21005.1
MinimumVisualStudioVersion = 10.0.40219.1
Project("{FAE04EC0-301F-11D3-BF4B-00C04F79EFBC}") = "TestRunner", "TestRunner\TestRunner.csproj", "{9E949263-71AA-427B-A3EF-ABC4A656BB8B}"
EndProject
Project("{8BC9CEB8-8B4A-11D0-8D11-00A0C91BC942}") = "TestRunnerComponent", "TestRunnerComponent\TestRunnerComponent.vcxproj", "{61F10D15-4ECA-4A04-A637-86BFD5AD3832}"
	ProjectSection(ProjectDependencies) = postProject
		{32E0F827-65F8-4180-9255-D5348F904DB1} = {32E0F827-65F8-4180-9255-D5348F904DB1}
	EndProjectSection
EndProject
Project("{8BC9CEB8-8B4A-11D0-8D11-00A0C91BC942}") = "WTF", "..\..\WTF\WTF-win8\WTF-win8.vcxproj", "{BD25B61C-F396-4434-BE7B-8E1AC20AFEB4}"
EndProject
Project("{8BC9CEB8-8B4A-11D0-8D11-00A0C91BC942}") = "JavaScriptCore", "JavaScriptCore.vcxproj", "{32E0F827-65F8-4180-9255-D5348F904DB1}"
	ProjectSection(ProjectDependencies) = postProject
		{BD25B61C-F396-4434-BE7B-8E1AC20AFEB4} = {BD25B61C-F396-4434-BE7B-8E1AC20AFEB4}
		{3F3C7939-2F8D-4F5F-B8BE-8F343B1E4B50} = {3F3C7939-2F8D-4F5F-B8BE-8F343B1E4B50}
		{A3A1DFED-11E2-4E7F-BBBC-536A2E9F693D} = {A3A1DFED-11E2-4E7F-BBBC-536A2E9F693D}
	EndProjectSection
EndProject
Project("{8BC9CEB8-8B4A-11D0-8D11-00A0C91BC942}") = "JavaScriptCoreGenerated", "JavaScriptCoreGenerated.vcxproj", "{3F3C7939-2F8D-4F5F-B8BE-8F343B1E4B50}"
EndProject
Project("{8BC9CEB8-8B4A-11D0-8D11-00A0C91BC942}") = "LLIntDesiredOffsets", "LLInt\LLIntDesiredOffsets\LLIntDesiredOffsets.vcxproj", "{E0B6AD4D-4A61-464C-8896-B213C01E3081}"
EndProject
Project("{8BC9CEB8-8B4A-11D0-8D11-00A0C91BC942}") = "LLIntOffsetsExtractor", "LLInt\LLIntOffsetsExtractor\LLIntOffsetsExtractor.vcxproj", "{8C445DE5-100A-4A66-AEE1-EF570EE9562D}"
	ProjectSection(ProjectDependencies) = postProject
		{BD25B61C-F396-4434-BE7B-8E1AC20AFEB4} = {BD25B61C-F396-4434-BE7B-8E1AC20AFEB4}
		{3F3C7939-2F8D-4F5F-B8BE-8F343B1E4B50} = {3F3C7939-2F8D-4F5F-B8BE-8F343B1E4B50}
		{E0B6AD4D-4A61-464C-8896-B213C01E3081} = {E0B6AD4D-4A61-464C-8896-B213C01E3081}
	EndProjectSection
EndProject
Project("{8BC9CEB8-8B4A-11D0-8D11-00A0C91BC942}") = "LLIntAssembly", "LLInt\LLIntAssembly\LLIntAssembly.vcxproj", "{A3A1DFED-11E2-4E7F-BBBC-536A2E9F693D}"
	ProjectSection(ProjectDependencies) = postProject
		{E0B6AD4D-4A61-464C-8896-B213C01E3081} = {E0B6AD4D-4A61-464C-8896-B213C01E3081}
		{8C445DE5-100A-4A66-AEE1-EF570EE9562D} = {8C445DE5-100A-4A66-AEE1-EF570EE9562D}
	EndProjectSection
EndProject
Global
	GlobalSection(SolutionConfigurationPlatforms) = preSolution
		Debug|Any CPU = Debug|Any CPU
		Debug|ARM = Debug|ARM
		Debug|Mixed Platforms = Debug|Mixed Platforms
		Debug|Win32 = Debug|Win32
		Debug|x64 = Debug|x64
		Debug|x86 = Debug|x86
		Release|Any CPU = Release|Any CPU
		Release|ARM = Release|ARM
		Release|Mixed Platforms = Release|Mixed Platforms
		Release|Win32 = Release|Win32
		Release|x64 = Release|x64
		Release|x86 = Release|x86
	EndGlobalSection
	GlobalSection(ProjectConfigurationPlatforms) = postSolution
		{9E949263-71AA-427B-A3EF-ABC4A656BB8B}.Debug|Any CPU.ActiveCfg = Debug|Any CPU
		{9E949263-71AA-427B-A3EF-ABC4A656BB8B}.Debug|Any CPU.Build.0 = Debug|Any CPU
		{9E949263-71AA-427B-A3EF-ABC4A656BB8B}.Debug|Any CPU.Deploy.0 = Debug|Any CPU
		{9E949263-71AA-427B-A3EF-ABC4A656BB8B}.Debug|ARM.ActiveCfg = Debug|ARM
		{9E949263-71AA-427B-A3EF-ABC4A656BB8B}.Debug|ARM.Build.0 = Debug|ARM
		{9E949263-71AA-427B-A3EF-ABC4A656BB8B}.Debug|ARM.Deploy.0 = Debug|ARM
		{9E949263-71AA-427B-A3EF-ABC4A656BB8B}.Debug|Mixed Platforms.ActiveCfg = Debug|x86
		{9E949263-71AA-427B-A3EF-ABC4A656BB8B}.Debug|Mixed Platforms.Build.0 = Debug|x86
		{9E949263-71AA-427B-A3EF-ABC4A656BB8B}.Debug|Mixed Platforms.Deploy.0 = Debug|x86
		{9E949263-71AA-427B-A3EF-ABC4A656BB8B}.Debug|Win32.ActiveCfg = Debug|x86
		{9E949263-71AA-427B-A3EF-ABC4A656BB8B}.Debug|Win32.Build.0 = Debug|x86
		{9E949263-71AA-427B-A3EF-ABC4A656BB8B}.Debug|Win32.Deploy.0 = Debug|x86
		{9E949263-71AA-427B-A3EF-ABC4A656BB8B}.Debug|x64.ActiveCfg = Debug|x64
		{9E949263-71AA-427B-A3EF-ABC4A656BB8B}.Debug|x64.Build.0 = Debug|x64
		{9E949263-71AA-427B-A3EF-ABC4A656BB8B}.Debug|x64.Deploy.0 = Debug|x64
		{9E949263-71AA-427B-A3EF-ABC4A656BB8B}.Debug|x86.ActiveCfg = Debug|x86
		{9E949263-71AA-427B-A3EF-ABC4A656BB8B}.Debug|x86.Build.0 = Debug|x86
		{9E949263-71AA-427B-A3EF-ABC4A656BB8B}.Debug|x86.Deploy.0 = Debug|x86
		{9E949263-71AA-427B-A3EF-ABC4A656BB8B}.Release|Any CPU.ActiveCfg = Release|Any CPU
		{9E949263-71AA-427B-A3EF-ABC4A656BB8B}.Release|Any CPU.Build.0 = Release|Any CPU
		{9E949263-71AA-427B-A3EF-ABC4A656BB8B}.Release|Any CPU.Deploy.0 = Release|Any CPU
		{9E949263-71AA-427B-A3EF-ABC4A656BB8B}.Release|ARM.ActiveCfg = Release|ARM
		{9E949263-71AA-427B-A3EF-ABC4A656BB8B}.Release|ARM.Build.0 = Release|ARM
		{9E949263-71AA-427B-A3EF-ABC4A656BB8B}.Release|ARM.Deploy.0 = Release|ARM
		{9E949263-71AA-427B-A3EF-ABC4A656BB8B}.Release|Mixed Platforms.ActiveCfg = Release|x86
		{9E949263-71AA-427B-A3EF-ABC4A656BB8B}.Release|Mixed Platforms.Build.0 = Release|x86
		{9E949263-71AA-427B-A3EF-ABC4A656BB8B}.Release|Mixed Platforms.Deploy.0 = Release|x86
		{9E949263-71AA-427B-A3EF-ABC4A656BB8B}.Release|Win32.ActiveCfg = Release|x86
		{9E949263-71AA-427B-A3EF-ABC4A656BB8B}.Release|Win32.Build.0 = Release|x86
		{9E949263-71AA-427B-A3EF-ABC4A656BB8B}.Release|Win32.Deploy.0 = Release|x86
		{9E949263-71AA-427B-A3EF-ABC4A656BB8B}.Release|x64.ActiveCfg = Release|x64
		{9E949263-71AA-427B-A3EF-ABC4A656BB8B}.Release|x64.Build.0 = Release|x64
		{9E949263-71AA-427B-A3EF-ABC4A656BB8B}.Release|x64.Deploy.0 = Release|x64
		{9E949263-71AA-427B-A3EF-ABC4A656BB8B}.Release|x86.ActiveCfg = Release|x86
		{9E949263-71AA-427B-A3EF-ABC4A656BB8B}.Release|x86.Build.0 = Release|x86
		{9E949263-71AA-427B-A3EF-ABC4A656BB8B}.Release|x86.Deploy.0 = Release|x86
		{61F10D15-4ECA-4A04-A637-86BFD5AD3832}.Debug|Any CPU.ActiveCfg = Debug|Win32
		{61F10D15-4ECA-4A04-A637-86BFD5AD3832}.Debug|ARM.ActiveCfg = Debug|ARM
		{61F10D15-4ECA-4A04-A637-86BFD5AD3832}.Debug|ARM.Build.0 = Debug|ARM
		{61F10D15-4ECA-4A04-A637-86BFD5AD3832}.Debug|Mixed Platforms.ActiveCfg = Debug|Win32
		{61F10D15-4ECA-4A04-A637-86BFD5AD3832}.Debug|Mixed Platforms.Build.0 = Debug|Win32
		{61F10D15-4ECA-4A04-A637-86BFD5AD3832}.Debug|Win32.ActiveCfg = Debug|Win32
		{61F10D15-4ECA-4A04-A637-86BFD5AD3832}.Debug|Win32.Build.0 = Debug|Win32
		{61F10D15-4ECA-4A04-A637-86BFD5AD3832}.Debug|x64.ActiveCfg = Debug|x64
		{61F10D15-4ECA-4A04-A637-86BFD5AD3832}.Debug|x64.Build.0 = Debug|x64
		{61F10D15-4ECA-4A04-A637-86BFD5AD3832}.Debug|x86.ActiveCfg = Debug|Win32
		{61F10D15-4ECA-4A04-A637-86BFD5AD3832}.Debug|x86.Build.0 = Debug|Win32
		{61F10D15-4ECA-4A04-A637-86BFD5AD3832}.Release|Any CPU.ActiveCfg = Release|Win32
		{61F10D15-4ECA-4A04-A637-86BFD5AD3832}.Release|ARM.ActiveCfg = Release|ARM
		{61F10D15-4ECA-4A04-A637-86BFD5AD3832}.Release|ARM.Build.0 = Release|ARM
		{61F10D15-4ECA-4A04-A637-86BFD5AD3832}.Release|Mixed Platforms.ActiveCfg = Release|Win32
		{61F10D15-4ECA-4A04-A637-86BFD5AD3832}.Release|Mixed Platforms.Build.0 = Release|Win32
		{61F10D15-4ECA-4A04-A637-86BFD5AD3832}.Release|Win32.ActiveCfg = Release|Win32
		{61F10D15-4ECA-4A04-A637-86BFD5AD3832}.Release|Win32.Build.0 = Release|Win32
		{61F10D15-4ECA-4A04-A637-86BFD5AD3832}.Release|x64.ActiveCfg = Release|x64
		{61F10D15-4ECA-4A04-A637-86BFD5AD3832}.Release|x64.Build.0 = Release|x64
		{61F10D15-4ECA-4A04-A637-86BFD5AD3832}.Release|x86.ActiveCfg = Release|Win32
		{61F10D15-4ECA-4A04-A637-86BFD5AD3832}.Release|x86.Build.0 = Release|Win32
		{BD25B61C-F396-4434-BE7B-8E1AC20AFEB4}.Debug|Any CPU.ActiveCfg = Debug|Win32
		{BD25B61C-F396-4434-BE7B-8E1AC20AFEB4}.Debug|ARM.ActiveCfg = Debug|ARM
		{BD25B61C-F396-4434-BE7B-8E1AC20AFEB4}.Debug|ARM.Build.0 = Debug|ARM
		{BD25B61C-F396-4434-BE7B-8E1AC20AFEB4}.Debug|Mixed Platforms.ActiveCfg = Debug|Win32
		{BD25B61C-F396-4434-BE7B-8E1AC20AFEB4}.Debug|Mixed Platforms.Build.0 = Debug|Win32
		{BD25B61C-F396-4434-BE7B-8E1AC20AFEB4}.Debug|Win32.ActiveCfg = Debug|Win32
		{BD25B61C-F396-4434-BE7B-8E1AC20AFEB4}.Debug|Win32.Build.0 = Debug|Win32
		{BD25B61C-F396-4434-BE7B-8E1AC20AFEB4}.Debug|x64.ActiveCfg = Debug|x64
		{BD25B61C-F396-4434-BE7B-8E1AC20AFEB4}.Debug|x64.Build.0 = Debug|x64
		{BD25B61C-F396-4434-BE7B-8E1AC20AFEB4}.Debug|x86.ActiveCfg = Debug|Win32
		{BD25B61C-F396-4434-BE7B-8E1AC20AFEB4}.Debug|x86.Build.0 = Debug|Win32
		{BD25B61C-F396-4434-BE7B-8E1AC20AFEB4}.Release|Any CPU.ActiveCfg = Release|Win32
		{BD25B61C-F396-4434-BE7B-8E1AC20AFEB4}.Release|ARM.ActiveCfg = Release|ARM
		{BD25B61C-F396-4434-BE7B-8E1AC20AFEB4}.Release|ARM.Build.0 = Release|ARM
		{BD25B61C-F396-4434-BE7B-8E1AC20AFEB4}.Release|Mixed Platforms.ActiveCfg = Release|Win32
		{BD25B61C-F396-4434-BE7B-8E1AC20AFEB4}.Release|Mixed Platforms.Build.0 = Release|Win32
		{BD25B61C-F396-4434-BE7B-8E1AC20AFEB4}.Release|Win32.ActiveCfg = Release|Win32
		{BD25B61C-F396-4434-BE7B-8E1AC20AFEB4}.Release|Win32.Build.0 = Release|Win32
		{BD25B61C-F396-4434-BE7B-8E1AC20AFEB4}.Release|x64.ActiveCfg = Release|x64
		{BD25B61C-F396-4434-BE7B-8E1AC20AFEB4}.Release|x64.Build.0 = Release|x64
		{BD25B61C-F396-4434-BE7B-8E1AC20AFEB4}.Release|x86.ActiveCfg = Release|Win32
		{BD25B61C-F396-4434-BE7B-8E1AC20AFEB4}.Release|x86.Build.0 = Release|Win32
		{32E0F827-65F8-4180-9255-D5348F904DB1}.Debug|Any CPU.ActiveCfg = Debug|Win32
		{32E0F827-65F8-4180-9255-D5348F904DB1}.Debug|ARM.ActiveCfg = Debug|ARM
		{32E0F827-65F8-4180-9255-D5348F904DB1}.Debug|ARM.Build.0 = Debug|ARM
		{32E0F827-65F8-4180-9255-D5348F904DB1}.Debug|Mixed Platforms.ActiveCfg = Debug|Win32
		{32E0F827-65F8-4180-9255-D5348F904DB1}.Debug|Mixed Platforms.Build.0 = Debug|Win32
		{32E0F827-65F8-4180-9255-D5348F904DB1}.Debug|Win32.ActiveCfg = Debug|Win32
		{32E0F827-65F8-4180-9255-D5348F904DB1}.Debug|Win32.Build.0 = Debug|Win32
		{32E0F827-65F8-4180-9255-D5348F904DB1}.Debug|x64.ActiveCfg = Debug|x64
		{32E0F827-65F8-4180-9255-D5348F904DB1}.Debug|x64.Build.0 = Debug|x64
		{32E0F827-65F8-4180-9255-D5348F904DB1}.Debug|x86.ActiveCfg = Debug|Win32
		{32E0F827-65F8-4180-9255-D5348F904DB1}.Debug|x86.Build.0 = Debug|Win32
		{32E0F827-65F8-4180-9255-D5348F904DB1}.Release|Any CPU.ActiveCfg = Release|Win32
		{32E0F827-65F8-4180-9255-D5348F904DB1}.Release|ARM.ActiveCfg = Release|ARM
		{32E0F827-65F8-4180-9255-D5348F904DB1}.Release|ARM.Build.0 = Release|ARM
		{32E0F827-65F8-4180-9255-D5348F904DB1}.Release|Mixed Platforms.ActiveCfg = Release|Win32
		{32E0F827-65F8-4180-9255-D5348F904DB1}.Release|Mixed Platforms.Build.0 = Release|Win32
		{32E0F827-65F8-4180-9255-D5348F904DB1}.Release|Win32.ActiveCfg = Release|Win32
		{32E0F827-65F8-4180-9255-D5348F904DB1}.Release|Win32.Build.0 = Release|Win32
		{32E0F827-65F8-4180-9255-D5348F904DB1}.Release|x64.ActiveCfg = Release|x64
		{32E0F827-65F8-4180-9255-D5348F904DB1}.Release|x64.Build.0 = Release|x64
		{32E0F827-65F8-4180-9255-D5348F904DB1}.Release|x86.ActiveCfg = Release|Win32
		{32E0F827-65F8-4180-9255-D5348F904DB1}.Release|x86.Build.0 = Release|Win32
		{3F3C7939-2F8D-4F5F-B8BE-8F343B1E4B50}.Debug|Any CPU.ActiveCfg = Debug|Win32
		{3F3C7939-2F8D-4F5F-B8BE-8F343B1E4B50}.Debug|ARM.ActiveCfg = Debug|Win32
		{3F3C7939-2F8D-4F5F-B8BE-8F343B1E4B50}.Debug|Mixed Platforms.ActiveCfg = Debug|Win32
		{3F3C7939-2F8D-4F5F-B8BE-8F343B1E4B50}.Debug|Mixed Platforms.Build.0 = Debug|Win32
		{3F3C7939-2F8D-4F5F-B8BE-8F343B1E4B50}.Debug|Win32.ActiveCfg = Debug|Win32
		{3F3C7939-2F8D-4F5F-B8BE-8F343B1E4B50}.Debug|Win32.Build.0 = Debug|Win32
		{3F3C7939-2F8D-4F5F-B8BE-8F343B1E4B50}.Debug|x64.ActiveCfg = Debug|Win32
		{3F3C7939-2F8D-4F5F-B8BE-8F343B1E4B50}.Debug|x86.ActiveCfg = Debug|Win32
		{3F3C7939-2F8D-4F5F-B8BE-8F343B1E4B50}.Debug|x86.Build.0 = Debug|Win32
		{3F3C7939-2F8D-4F5F-B8BE-8F343B1E4B50}.Release|Any CPU.ActiveCfg = Release|Win32
		{3F3C7939-2F8D-4F5F-B8BE-8F343B1E4B50}.Release|ARM.ActiveCfg = Release|Win32
		{3F3C7939-2F8D-4F5F-B8BE-8F343B1E4B50}.Release|Mixed Platforms.ActiveCfg = Release|Win32
		{3F3C7939-2F8D-4F5F-B8BE-8F343B1E4B50}.Release|Mixed Platforms.Build.0 = Release|Win32
		{3F3C7939-2F8D-4F5F-B8BE-8F343B1E4B50}.Release|Win32.ActiveCfg = Release|Win32
		{3F3C7939-2F8D-4F5F-B8BE-8F343B1E4B50}.Release|Win32.Build.0 = Release|Win32
		{3F3C7939-2F8D-4F5F-B8BE-8F343B1E4B50}.Release|x64.ActiveCfg = Release|Win32
		{3F3C7939-2F8D-4F5F-B8BE-8F343B1E4B50}.Release|x86.ActiveCfg = Release|Win32
		{3F3C7939-2F8D-4F5F-B8BE-8F343B1E4B50}.Release|x86.Build.0 = Release|Win32
		{E0B6AD4D-4A61-464C-8896-B213C01E3081}.Debug|Any CPU.ActiveCfg = Debug|Win32
		{E0B6AD4D-4A61-464C-8896-B213C01E3081}.Debug|ARM.ActiveCfg = Debug|Win32
		{E0B6AD4D-4A61-464C-8896-B213C01E3081}.Debug|Mixed Platforms.ActiveCfg = Debug|Win32
		{E0B6AD4D-4A61-464C-8896-B213C01E3081}.Debug|Mixed Platforms.Build.0 = Debug|Win32
		{E0B6AD4D-4A61-464C-8896-B213C01E3081}.Debug|Win32.ActiveCfg = Debug|Win32
		{E0B6AD4D-4A61-464C-8896-B213C01E3081}.Debug|Win32.Build.0 = Debug|Win32
		{E0B6AD4D-4A61-464C-8896-B213C01E3081}.Debug|x64.ActiveCfg = Debug|Win32
		{E0B6AD4D-4A61-464C-8896-B213C01E3081}.Debug|x86.ActiveCfg = Debug|Win32
		{E0B6AD4D-4A61-464C-8896-B213C01E3081}.Debug|x86.Build.0 = Debug|Win32
		{E0B6AD4D-4A61-464C-8896-B213C01E3081}.Release|Any CPU.ActiveCfg = Release|Win32
		{E0B6AD4D-4A61-464C-8896-B213C01E3081}.Release|ARM.ActiveCfg = Release|Win32
		{E0B6AD4D-4A61-464C-8896-B213C01E3081}.Release|Mixed Platforms.ActiveCfg = Release|Win32
		{E0B6AD4D-4A61-464C-8896-B213C01E3081}.Release|Mixed Platforms.Build.0 = Release|Win32
		{E0B6AD4D-4A61-464C-8896-B213C01E3081}.Release|Win32.ActiveCfg = Release|Win32
		{E0B6AD4D-4A61-464C-8896-B213C01E3081}.Release|Win32.Build.0 = Release|Win32
		{E0B6AD4D-4A61-464C-8896-B213C01E3081}.Release|x64.ActiveCfg = Release|Win32
		{E0B6AD4D-4A61-464C-8896-B213C01E3081}.Release|x86.ActiveCfg = Release|Win32
		{E0B6AD4D-4A61-464C-8896-B213C01E3081}.Release|x86.Build.0 = Release|Win32
		{8C445DE5-100A-4A66-AEE1-EF570EE9562D}.Debug|Any CPU.ActiveCfg = Debug|Win32
		{8C445DE5-100A-4A66-AEE1-EF570EE9562D}.Debug|ARM.ActiveCfg = Debug|Win32
		{8C445DE5-100A-4A66-AEE1-EF570EE9562D}.Debug|Mixed Platforms.ActiveCfg = Debug|Win32
		{8C445DE5-100A-4A66-AEE1-EF570EE9562D}.Debug|Mixed Platforms.Build.0 = Debug|Win32
		{8C445DE5-100A-4A66-AEE1-EF570EE9562D}.Debug|Win32.ActiveCfg = Debug|Win32
		{8C445DE5-100A-4A66-AEE1-EF570EE9562D}.Debug|Win32.Build.0 = Debug|Win32
		{8C445DE5-100A-4A66-AEE1-EF570EE9562D}.Debug|x64.ActiveCfg = Debug|Win32
		{8C445DE5-100A-4A66-AEE1-EF570EE9562D}.Debug|x86.ActiveCfg = Debug|Win32
		{8C445DE5-100A-4A66-AEE1-EF570EE9562D}.Debug|x86.Build.0 = Debug|Win32
		{8C445DE5-100A-4A66-AEE1-EF570EE9562D}.Release|Any CPU.ActiveCfg = Release|Win32
		{8C445DE5-100A-4A66-AEE1-EF570EE9562D}.Release|ARM.ActiveCfg = Release|Win32
		{8C445DE5-100A-4A66-AEE1-EF570EE9562D}.Release|Mixed Platforms.ActiveCfg = Release|Win32
		{8C445DE5-100A-4A66-AEE1-EF570EE9562D}.Release|Mixed Platforms.Build.0 = Release|Win32
		{8C445DE5-100A-4A66-AEE1-EF570EE9562D}.Release|Win32.ActiveCfg = Release|Win32
		{8C445DE5-100A-4A66-AEE1-EF570EE9562D}.Release|Win32.Build.0 = Release|Win32
		{8C445DE5-100A-4A66-AEE1-EF570EE9562D}.Release|x64.ActiveCfg = Release|Win32
		{8C445DE5-100A-4A66-AEE1-EF570EE9562D}.Release|x86.ActiveCfg = Release|Win32
		{8C445DE5-100A-4A66-AEE1-EF570EE9562D}.Release|x86.Build.0 = Release|Win32
		{A3A1DFED-11E2-4E7F-BBBC-536A2E9F693D}.Debug|Any CPU.ActiveCfg = Debug|Win32
		{A3A1DFED-11E2-4E7F-BBBC-536A2E9F693D}.Debug|ARM.ActiveCfg = Debug|Win32
		{A3A1DFED-11E2-4E7F-BBBC-536A2E9F693D}.Debug|Mixed Platforms.ActiveCfg = Debug|Win32
		{A3A1DFED-11E2-4E7F-BBBC-536A2E9F693D}.Debug|Mixed Platforms.Build.0 = Debug|Win32
		{A3A1DFED-11E2-4E7F-BBBC-536A2E9F693D}.Debug|Win32.ActiveCfg = Debug|Win32
		{A3A1DFED-11E2-4E7F-BBBC-536A2E9F693D}.Debug|Win32.Build.0 = Debug|Win32
		{A3A1DFED-11E2-4E7F-BBBC-536A2E9F693D}.Debug|x64.ActiveCfg = Debug|Win32
		{A3A1DFED-11E2-4E7F-BBBC-536A2E9F693D}.Debug|x86.ActiveCfg = Debug|Win32
		{A3A1DFED-11E2-4E7F-BBBC-536A2E9F693D}.Debug|x86.Build.0 = Debug|Win32
		{A3A1DFED-11E2-4E7F-BBBC-536A2E9F693D}.Release|Any CPU.ActiveCfg = Release|Win32
		{A3A1DFED-11E2-4E7F-BBBC-536A2E9F693D}.Release|ARM.ActiveCfg = Release|Win32
		{A3A1DFED-11E2-4E7F-BBBC-536A2E9F693D}.Release|Mixed Platforms.ActiveCfg = Release|Win32
		{A3A1DFED-11E2-4E7F-BBBC-536A2E9F693D}.Release|Mixed Platforms.Build.0 = Release|Win32
		{A3A1DFED-11E2-4E7F-BBBC-536A2E9F693D}.Release|Win32.ActiveCfg = Release|Win32
		{A3A1DFED-11E2-4E7F-BBBC-536A2E9F693D}.Release|Win32.Build.0 = Release|Win32
		{A3A1DFED-11E2-4E7F-BBBC-536A2E9F693D}.Release|x64.ActiveCfg = Release|Win32
		{A3A1DFED-11E2-4E7F-BBBC-536A2E9F693D}.Release|x86.ActiveCfg = Release|Win32
		{A3A1DFED-11E2-4E7F-BBBC-536A2E9F693D}.Release|x86.Build.0 = Release|Win32
	EndGlobalSection
	GlobalSection(SolutionProperties) = preSolution
		HideSolutionNode = FALSE
	EndGlobalSection
EndGlobal
